// !$*UTF8*$!
{
	archiveVersion = 1;
	classes = {
	};
	objectVersion = 55;
	objects = {

/* Begin PBXBuildFile section */
		06E993B09FF5D9AAC606E624 /* Pods_Instagram.framework in Frameworks */ = {isa = PBXBuildFile; fileRef = 08AD7B69C2A851262CDEF57A /* Pods_Instagram.framework */; };
		683DBE82292E750800C836E3 /* AppDelegate.swift in Sources */ = {isa = PBXBuildFile; fileRef = 683DBE81292E750800C836E3 /* AppDelegate.swift */; };
		683DBE84292E750800C836E3 /* SceneDelegate.swift in Sources */ = {isa = PBXBuildFile; fileRef = 683DBE83292E750800C836E3 /* SceneDelegate.swift */; };
		683DBE89292E750800C836E3 /* Main.storyboard in Resources */ = {isa = PBXBuildFile; fileRef = 683DBE87292E750800C836E3 /* Main.storyboard */; };
		683DBE8B292E750A00C836E3 /* Assets.xcassets in Resources */ = {isa = PBXBuildFile; fileRef = 683DBE8A292E750A00C836E3 /* Assets.xcassets */; };
		683DBE8E292E750A00C836E3 /* LaunchScreen.storyboard in Resources */ = {isa = PBXBuildFile; fileRef = 683DBE8C292E750A00C836E3 /* LaunchScreen.storyboard */; };
		683DBE96292E757C00C836E3 /* LoginViewController.swift in Sources */ = {isa = PBXBuildFile; fileRef = 683DBE95292E757C00C836E3 /* LoginViewController.swift */; };
		683DBE98292E758C00C836E3 /* HomeViewController.swift in Sources */ = {isa = PBXBuildFile; fileRef = 683DBE97292E758C00C836E3 /* HomeViewController.swift */; };
		683DBE9A292E759E00C836E3 /* ImageSelectViewController.swift in Sources */ = {isa = PBXBuildFile; fileRef = 683DBE99292E759E00C836E3 /* ImageSelectViewController.swift */; };
		683DBE9C292E75AB00C836E3 /* PostViewController.swift in Sources */ = {isa = PBXBuildFile; fileRef = 683DBE9B292E75AA00C836E3 /* PostViewController.swift */; };
		683DBE9E292E75B700C836E3 /* SettingViewController.swift in Sources */ = {isa = PBXBuildFile; fileRef = 683DBE9D292E75B700C836E3 /* SettingViewController.swift */; };
		683DBEA0292E816000C836E3 /* TabBarViewController.swift in Sources */ = {isa = PBXBuildFile; fileRef = 683DBE9F292E816000C836E3 /* TabBarViewController.swift */; };
		683DBEA2292F1FAB00C836E3 /* GoogleService-Info.plist in Resources */ = {isa = PBXBuildFile; fileRef = 683DBEA1292F1FAB00C836E3 /* GoogleService-Info.plist */; };
		6854FCC52933A15D00AF4B25 /* CommentViewController.swift in Sources */ = {isa = PBXBuildFile; fileRef = 6854FCC42933A15C00AF4B25 /* CommentViewController.swift */; };
		687FDD982930DA5A0018D67D /* Const.swift in Sources */ = {isa = PBXBuildFile; fileRef = 687FDD972930DA5A0018D67D /* Const.swift */; };
		687FDD9A2930EDBB0018D67D /* PostData.swift in Sources */ = {isa = PBXBuildFile; fileRef = 687FDD992930EDBB0018D67D /* PostData.swift */; };
		688B657B293116E5008BE272 /* PostTableViewCell.swift in Sources */ = {isa = PBXBuildFile; fileRef = 688B6579293116E5008BE272 /* PostTableViewCell.swift */; };
		688B657C293116E5008BE272 /* PostTableViewCell.xib in Resources */ = {isa = PBXBuildFile; fileRef = 688B657A293116E5008BE272 /* PostTableViewCell.xib */; };
		68EEE1A0293CBEF000268D91 /* MypageViewController.swift in Sources */ = {isa = PBXBuildFile; fileRef = 68EEE19F293CBEF000268D91 /* MypageViewController.swift */; };
/* End PBXBuildFile section */

/* Begin PBXFileReference section */
		08AD7B69C2A851262CDEF57A /* Pods_Instagram.framework */ = {isa = PBXFileReference; explicitFileType = wrapper.framework; includeInIndex = 0; path = Pods_Instagram.framework; sourceTree = BUILT_PRODUCTS_DIR; };
		0AE4E05D2E6F3FD8304666D7 /* Pods-Instagram.release.xcconfig */ = {isa = PBXFileReference; includeInIndex = 1; lastKnownFileType = text.xcconfig; name = "Pods-Instagram.release.xcconfig"; path = "Target Support Files/Pods-Instagram/Pods-Instagram.release.xcconfig"; sourceTree = "<group>"; };
		683DBE7E292E750800C836E3 /* Instagram.app */ = {isa = PBXFileReference; explicitFileType = wrapper.application; includeInIndex = 0; path = Instagram.app; sourceTree = BUILT_PRODUCTS_DIR; };
		683DBE81292E750800C836E3 /* AppDelegate.swift */ = {isa = PBXFileReference; lastKnownFileType = sourcecode.swift; path = AppDelegate.swift; sourceTree = "<group>"; };
		683DBE83292E750800C836E3 /* SceneDelegate.swift */ = {isa = PBXFileReference; lastKnownFileType = sourcecode.swift; path = SceneDelegate.swift; sourceTree = "<group>"; };
		683DBE88292E750800C836E3 /* Base */ = {isa = PBXFileReference; lastKnownFileType = file.storyboard; name = Base; path = Base.lproj/Main.storyboard; sourceTree = "<group>"; };
		683DBE8A292E750A00C836E3 /* Assets.xcassets */ = {isa = PBXFileReference; lastKnownFileType = folder.assetcatalog; path = Assets.xcassets; sourceTree = "<group>"; };
		683DBE8D292E750A00C836E3 /* Base */ = {isa = PBXFileReference; lastKnownFileType = file.storyboard; name = Base; path = Base.lproj/LaunchScreen.storyboard; sourceTree = "<group>"; };
		683DBE8F292E750A00C836E3 /* Info.plist */ = {isa = PBXFileReference; lastKnownFileType = text.plist.xml; path = Info.plist; sourceTree = "<group>"; };
		683DBE95292E757C00C836E3 /* LoginViewController.swift */ = {isa = PBXFileReference; lastKnownFileType = sourcecode.swift; path = LoginViewController.swift; sourceTree = "<group>"; };
		683DBE97292E758C00C836E3 /* HomeViewController.swift */ = {isa = PBXFileReference; lastKnownFileType = sourcecode.swift; path = HomeViewController.swift; sourceTree = "<group>"; };
		683DBE99292E759E00C836E3 /* ImageSelectViewController.swift */ = {isa = PBXFileReference; lastKnownFileType = sourcecode.swift; path = ImageSelectViewController.swift; sourceTree = "<group>"; };
		683DBE9B292E75AA00C836E3 /* PostViewController.swift */ = {isa = PBXFileReference; lastKnownFileType = sourcecode.swift; path = PostViewController.swift; sourceTree = "<group>"; };
		683DBE9D292E75B700C836E3 /* SettingViewController.swift */ = {isa = PBXFileReference; lastKnownFileType = sourcecode.swift; path = SettingViewController.swift; sourceTree = "<group>"; };
		683DBE9F292E816000C836E3 /* TabBarViewController.swift */ = {isa = PBXFileReference; lastKnownFileType = sourcecode.swift; path = TabBarViewController.swift; sourceTree = "<group>"; };
		683DBEA1292F1FAB00C836E3 /* GoogleService-Info.plist */ = {isa = PBXFileReference; fileEncoding = 4; lastKnownFileType = text.plist.xml; path = "GoogleService-Info.plist"; sourceTree = "<group>"; };
		6854FCC42933A15C00AF4B25 /* CommentViewController.swift */ = {isa = PBXFileReference; lastKnownFileType = sourcecode.swift; path = CommentViewController.swift; sourceTree = "<group>"; };
		687FDD972930DA5A0018D67D /* Const.swift */ = {isa = PBXFileReference; lastKnownFileType = sourcecode.swift; path = Const.swift; sourceTree = "<group>"; };
		687FDD992930EDBB0018D67D /* PostData.swift */ = {isa = PBXFileReference; lastKnownFileType = sourcecode.swift; path = PostData.swift; sourceTree = "<group>"; };
		688B6579293116E5008BE272 /* PostTableViewCell.swift */ = {isa = PBXFileReference; lastKnownFileType = sourcecode.swift; path = PostTableViewCell.swift; sourceTree = "<group>"; };
		688B657A293116E5008BE272 /* PostTableViewCell.xib */ = {isa = PBXFileReference; lastKnownFileType = file.xib; path = PostTableViewCell.xib; sourceTree = "<group>"; };
		68EEE19F293CBEF000268D91 /* MypageViewController.swift */ = {isa = PBXFileReference; lastKnownFileType = sourcecode.swift; path = MypageViewController.swift; sourceTree = "<group>"; };
		CE3852EBAFC51194F60F5A3B /* Pods-Instagram.debug.xcconfig */ = {isa = PBXFileReference; includeInIndex = 1; lastKnownFileType = text.xcconfig; name = "Pods-Instagram.debug.xcconfig"; path = "Target Support Files/Pods-Instagram/Pods-Instagram.debug.xcconfig"; sourceTree = "<group>"; };
/* End PBXFileReference section */

/* Begin PBXFrameworksBuildPhase section */
		683DBE7B292E750800C836E3 /* Frameworks */ = {
			isa = PBXFrameworksBuildPhase;
			buildActionMask = 2147483647;
			files = (
				06E993B09FF5D9AAC606E624 /* Pods_Instagram.framework in Frameworks */,
			);
			runOnlyForDeploymentPostprocessing = 0;
		};
/* End PBXFrameworksBuildPhase section */

/* Begin PBXGroup section */
		683DBE75292E750700C836E3 = {
			isa = PBXGroup;
			children = (
				683DBE80292E750800C836E3 /* Instagram */,
				683DBE7F292E750800C836E3 /* Products */,
				9E69811A9E55E3F68B20CCFB /* Pods */,
				72FE3D29D418384C57186B7D /* Frameworks */,
			);
			sourceTree = "<group>";
		};
		683DBE7F292E750800C836E3 /* Products */ = {
			isa = PBXGroup;
			children = (
				683DBE7E292E750800C836E3 /* Instagram.app */,
			);
			name = Products;
			sourceTree = "<group>";
		};
		683DBE80292E750800C836E3 /* Instagram */ = {
			isa = PBXGroup;
			children = (
				683DBE81292E750800C836E3 /* AppDelegate.swift */,
				683DBE83292E750800C836E3 /* SceneDelegate.swift */,
				68EEE19F293CBEF000268D91 /* MypageViewController.swift */,
				6854FCC42933A15C00AF4B25 /* CommentViewController.swift */,
				688B6579293116E5008BE272 /* PostTableViewCell.swift */,
				687FDD992930EDBB0018D67D /* PostData.swift */,
				687FDD972930DA5A0018D67D /* Const.swift */,
				683DBE9F292E816000C836E3 /* TabBarViewController.swift */,
				683DBE9D292E75B700C836E3 /* SettingViewController.swift */,
				683DBE9B292E75AA00C836E3 /* PostViewController.swift */,
				683DBE99292E759E00C836E3 /* ImageSelectViewController.swift */,
				683DBE97292E758C00C836E3 /* HomeViewController.swift */,
				683DBE95292E757C00C836E3 /* LoginViewController.swift */,
				683DBE87292E750800C836E3 /* Main.storyboard */,
				683DBE8A292E750A00C836E3 /* Assets.xcassets */,
				688B657A293116E5008BE272 /* PostTableViewCell.xib */,
				683DBE8C292E750A00C836E3 /* LaunchScreen.storyboard */,
				683DBE8F292E750A00C836E3 /* Info.plist */,
				683DBEA1292F1FAB00C836E3 /* GoogleService-Info.plist */,
			);
			path = Instagram;
			sourceTree = "<group>";
		};
		72FE3D29D418384C57186B7D /* Frameworks */ = {
			isa = PBXGroup;
			children = (
				08AD7B69C2A851262CDEF57A /* Pods_Instagram.framework */,
			);
			name = Frameworks;
			sourceTree = "<group>";
		};
		9E69811A9E55E3F68B20CCFB /* Pods */ = {
			isa = PBXGroup;
			children = (
				CE3852EBAFC51194F60F5A3B /* Pods-Instagram.debug.xcconfig */,
				0AE4E05D2E6F3FD8304666D7 /* Pods-Instagram.release.xcconfig */,
			);
			path = Pods;
			sourceTree = "<group>";
		};
/* End PBXGroup section */

/* Begin PBXNativeTarget section */
		683DBE7D292E750800C836E3 /* Instagram */ = {
			isa = PBXNativeTarget;
			buildConfigurationList = 683DBE92292E750A00C836E3 /* Build configuration list for PBXNativeTarget "Instagram" */;
			buildPhases = (
				DF5B271B33E55E7A8AF8513D /* [CP] Check Pods Manifest.lock */,
				683DBE7A292E750800C836E3 /* Sources */,
				683DBE7B292E750800C836E3 /* Frameworks */,
				683DBE7C292E750800C836E3 /* Resources */,
				35727FE8C182C864AC382BAB /* [CP] Embed Pods Frameworks */,
			);
			buildRules = (
			);
			dependencies = (
			);
			name = Instagram;
			productName = Instagram;
			productReference = 683DBE7E292E750800C836E3 /* Instagram.app */;
			productType = "com.apple.product-type.application";
		};
/* End PBXNativeTarget section */

/* Begin PBXProject section */
		683DBE76292E750700C836E3 /* Project object */ = {
			isa = PBXProject;
			attributes = {
				BuildIndependentTargetsInParallel = 1;
				LastSwiftUpdateCheck = 1310;
				LastUpgradeCheck = 1310;
				TargetAttributes = {
					683DBE7D292E750800C836E3 = {
						CreatedOnToolsVersion = 13.1;
					};
				};
			};
			buildConfigurationList = 683DBE79292E750700C836E3 /* Build configuration list for PBXProject "Instagram" */;
			compatibilityVersion = "Xcode 13.0";
			developmentRegion = en;
			hasScannedForEncodings = 0;
			knownRegions = (
				en,
				Base,
			);
			mainGroup = 683DBE75292E750700C836E3;
			productRefGroup = 683DBE7F292E750800C836E3 /* Products */;
			projectDirPath = "";
			projectRoot = "";
			targets = (
				683DBE7D292E750800C836E3 /* Instagram */,
			);
		};
/* End PBXProject section */

/* Begin PBXResourcesBuildPhase section */
		683DBE7C292E750800C836E3 /* Resources */ = {
			isa = PBXResourcesBuildPhase;
			buildActionMask = 2147483647;
			files = (
				683DBE8E292E750A00C836E3 /* LaunchScreen.storyboard in Resources */,
				688B657C293116E5008BE272 /* PostTableViewCell.xib in Resources */,
				683DBEA2292F1FAB00C836E3 /* GoogleService-Info.plist in Resources */,
				683DBE8B292E750A00C836E3 /* Assets.xcassets in Resources */,
				683DBE89292E750800C836E3 /* Main.storyboard in Resources */,
			);
			runOnlyForDeploymentPostprocessing = 0;
		};
/* End PBXResourcesBuildPhase section */

/* Begin PBXShellScriptBuildPhase section */
		35727FE8C182C864AC382BAB /* [CP] Embed Pods Frameworks */ = {
			isa = PBXShellScriptBuildPhase;
			buildActionMask = 2147483647;
			files = (
			);
			inputFileListPaths = (
				"${PODS_ROOT}/Target Support Files/Pods-Instagram/Pods-Instagram-frameworks-${CONFIGURATION}-input-files.xcfilelist",
			);
			name = "[CP] Embed Pods Frameworks";
			outputFileListPaths = (
				"${PODS_ROOT}/Target Support Files/Pods-Instagram/Pods-Instagram-frameworks-${CONFIGURATION}-output-files.xcfilelist",
			);
			runOnlyForDeploymentPostprocessing = 0;
			shellPath = /bin/sh;
			shellScript = "\"${PODS_ROOT}/Target Support Files/Pods-Instagram/Pods-Instagram-frameworks.sh\"\n";
			showEnvVarsInLog = 0;
		};
		DF5B271B33E55E7A8AF8513D /* [CP] Check Pods Manifest.lock */ = {
			isa = PBXShellScriptBuildPhase;
			buildActionMask = 2147483647;
			files = (
			);
			inputFileListPaths = (
			);
			inputPaths = (
				"${PODS_PODFILE_DIR_PATH}/Podfile.lock",
				"${PODS_ROOT}/Manifest.lock",
			);
			name = "[CP] Check Pods Manifest.lock";
			outputFileListPaths = (
			);
			outputPaths = (
				"$(DERIVED_FILE_DIR)/Pods-Instagram-checkManifestLockResult.txt",
			);
			runOnlyForDeploymentPostprocessing = 0;
			shellPath = /bin/sh;
			shellScript = "diff \"${PODS_PODFILE_DIR_PATH}/Podfile.lock\" \"${PODS_ROOT}/Manifest.lock\" > /dev/null\nif [ $? != 0 ] ; then\n    # print error to STDERR\n    echo \"error: The sandbox is not in sync with the Podfile.lock. Run 'pod install' or update your CocoaPods installation.\" >&2\n    exit 1\nfi\n# This output is used by Xcode 'outputs' to avoid re-running this script phase.\necho \"SUCCESS\" > \"${SCRIPT_OUTPUT_FILE_0}\"\n";
			showEnvVarsInLog = 0;
		};
/* End PBXShellScriptBuildPhase section */

/* Begin PBXSourcesBuildPhase section */
		683DBE7A292E750800C836E3 /* Sources */ = {
			isa = PBXSourcesBuildPhase;
			buildActionMask = 2147483647;
			files = (
				688B657B293116E5008BE272 /* PostTableViewCell.swift in Sources */,
				683DBEA0292E816000C836E3 /* TabBarViewController.swift in Sources */,
				683DBE9A292E759E00C836E3 /* ImageSelectViewController.swift in Sources */,
				68EEE1A0293CBEF000268D91 /* MypageViewController.swift in Sources */,
				683DBE98292E758C00C836E3 /* HomeViewController.swift in Sources */,
				683DBE9C292E75AB00C836E3 /* PostViewController.swift in Sources */,
				683DBE9E292E75B700C836E3 /* SettingViewController.swift in Sources */,
				687FDD9A2930EDBB0018D67D /* PostData.swift in Sources */,
				683DBE96292E757C00C836E3 /* LoginViewController.swift in Sources */,
				6854FCC52933A15D00AF4B25 /* CommentViewController.swift in Sources */,
				683DBE82292E750800C836E3 /* AppDelegate.swift in Sources */,
				683DBE84292E750800C836E3 /* SceneDelegate.swift in Sources */,
				687FDD982930DA5A0018D67D /* Const.swift in Sources */,
			);
			runOnlyForDeploymentPostprocessing = 0;
		};
/* End PBXSourcesBuildPhase section */

/* Begin PBXVariantGroup section */
		683DBE87292E750800C836E3 /* Main.storyboard */ = {
			isa = PBXVariantGroup;
			children = (
				683DBE88292E750800C836E3 /* Base */,
			);
			name = Main.storyboard;
			sourceTree = "<group>";
		};
		683DBE8C292E750A00C836E3 /* LaunchScreen.storyboard */ = {
			isa = PBXVariantGroup;
			children = (
				683DBE8D292E750A00C836E3 /* Base */,
			);
			name = LaunchScreen.storyboard;
			sourceTree = "<group>";
		};
/* End PBXVariantGroup section */

/* Begin XCBuildConfiguration section */
		683DBE90292E750A00C836E3 /* Debug */ = {
			isa = XCBuildConfiguration;
			buildSettings = {
				ALWAYS_SEARCH_USER_PATHS = NO;
				CLANG_ANALYZER_NONNULL = YES;
				CLANG_ANALYZER_NUMBER_OBJECT_CONVERSION = YES_AGGRESSIVE;
				CLANG_CXX_LANGUAGE_STANDARD = "gnu++17";
				CLANG_CXX_LIBRARY = "libc++";
				CLANG_ENABLE_MODULES = YES;
				CLANG_ENABLE_OBJC_ARC = YES;
				CLANG_ENABLE_OBJC_WEAK = YES;
				CLANG_WARN_BLOCK_CAPTURE_AUTORELEASING = YES;
				CLANG_WARN_BOOL_CONVERSION = YES;
				CLANG_WARN_COMMA = YES;
				CLANG_WARN_CONSTANT_CONVERSION = YES;
				CLANG_WARN_DEPRECATED_OBJC_IMPLEMENTATIONS = YES;
				CLANG_WARN_DIRECT_OBJC_ISA_USAGE = YES_ERROR;
				CLANG_WARN_DOCUMENTATION_COMMENTS = YES;
				CLANG_WARN_EMPTY_BODY = YES;
				CLANG_WARN_ENUM_CONVERSION = YES;
				CLANG_WARN_INFINITE_RECURSION = YES;
				CLANG_WARN_INT_CONVERSION = YES;
				CLANG_WARN_NON_LITERAL_NULL_CONVERSION = YES;
				CLANG_WARN_OBJC_IMPLICIT_RETAIN_SELF = YES;
				CLANG_WARN_OBJC_LITERAL_CONVERSION = YES;
				CLANG_WARN_OBJC_ROOT_CLASS = YES_ERROR;
				CLANG_WARN_QUOTED_INCLUDE_IN_FRAMEWORK_HEADER = YES;
				CLANG_WARN_RANGE_LOOP_ANALYSIS = YES;
				CLANG_WARN_STRICT_PROTOTYPES = YES;
				CLANG_WARN_SUSPICIOUS_MOVE = YES;
				CLANG_WARN_UNGUARDED_AVAILABILITY = YES_AGGRESSIVE;
				CLANG_WARN_UNREACHABLE_CODE = YES;
				CLANG_WARN__DUPLICATE_METHOD_MATCH = YES;
				COPY_PHASE_STRIP = NO;
				DEBUG_INFORMATION_FORMAT = dwarf;
				ENABLE_STRICT_OBJC_MSGSEND = YES;
				ENABLE_TESTABILITY = YES;
				GCC_C_LANGUAGE_STANDARD = gnu11;
				GCC_DYNAMIC_NO_PIC = NO;
				GCC_NO_COMMON_BLOCKS = YES;
				GCC_OPTIMIZATION_LEVEL = 0;
				GCC_PREPROCESSOR_DEFINITIONS = (
					"DEBUG=1",
					"$(inherited)",
				);
				GCC_WARN_64_TO_32_BIT_CONVERSION = YES;
				GCC_WARN_ABOUT_RETURN_TYPE = YES_ERROR;
				GCC_WARN_UNDECLARED_SELECTOR = YES;
				GCC_WARN_UNINITIALIZED_AUTOS = YES_AGGRESSIVE;
				GCC_WARN_UNUSED_FUNCTION = YES;
				GCC_WARN_UNUSED_VARIABLE = YES;
				IPHONEOS_DEPLOYMENT_TARGET = 15.0;
				MTL_ENABLE_DEBUG_INFO = INCLUDE_SOURCE;
				MTL_FAST_MATH = YES;
				ONLY_ACTIVE_ARCH = YES;
				SDKROOT = iphoneos;
				SWIFT_ACTIVE_COMPILATION_CONDITIONS = DEBUG;
				SWIFT_OPTIMIZATION_LEVEL = "-Onone";
			};
			name = Debug;
		};
		683DBE91292E750A00C836E3 /* Release */ = {
			isa = XCBuildConfiguration;
			buildSettings = {
				ALWAYS_SEARCH_USER_PATHS = NO;
				CLANG_ANALYZER_NONNULL = YES;
				CLANG_ANALYZER_NUMBER_OBJECT_CONVERSION = YES_AGGRESSIVE;
				CLANG_CXX_LANGUAGE_STANDARD = "gnu++17";
				CLANG_CXX_LIBRARY = "libc++";
				CLANG_ENABLE_MODULES = YES;
				CLANG_ENABLE_OBJC_ARC = YES;
				CLANG_ENABLE_OBJC_WEAK = YES;
				CLANG_WARN_BLOCK_CAPTURE_AUTORELEASING = YES;
				CLANG_WARN_BOOL_CONVERSION = YES;
				CLANG_WARN_COMMA = YES;
				CLANG_WARN_CONSTANT_CONVERSION = YES;
				CLANG_WARN_DEPRECATED_OBJC_IMPLEMENTATIONS = YES;
				CLANG_WARN_DIRECT_OBJC_ISA_USAGE = YES_ERROR;
				CLANG_WARN_DOCUMENTATION_COMMENTS = YES;
				CLANG_WARN_EMPTY_BODY = YES;
				CLANG_WARN_ENUM_CONVERSION = YES;
				CLANG_WARN_INFINITE_RECURSION = YES;
				CLANG_WARN_INT_CONVERSION = YES;
				CLANG_WARN_NON_LITERAL_NULL_CONVERSION = YES;
				CLANG_WARN_OBJC_IMPLICIT_RETAIN_SELF = YES;
				CLANG_WARN_OBJC_LITERAL_CONVERSION = YES;
				CLANG_WARN_OBJC_ROOT_CLASS = YES_ERROR;
				CLANG_WARN_QUOTED_INCLUDE_IN_FRAMEWORK_HEADER = YES;
				CLANG_WARN_RANGE_LOOP_ANALYSIS = YES;
				CLANG_WARN_STRICT_PROTOTYPES = YES;
				CLANG_WARN_SUSPICIOUS_MOVE = YES;
				CLANG_WARN_UNGUARDED_AVAILABILITY = YES_AGGRESSIVE;
				CLANG_WARN_UNREACHABLE_CODE = YES;
				CLANG_WARN__DUPLICATE_METHOD_MATCH = YES;
				COPY_PHASE_STRIP = NO;
				DEBUG_INFORMATION_FORMAT = "dwarf-with-dsym";
				ENABLE_NS_ASSERTIONS = NO;
				ENABLE_STRICT_OBJC_MSGSEND = YES;
				GCC_C_LANGUAGE_STANDARD = gnu11;
				GCC_NO_COMMON_BLOCKS = YES;
				GCC_WARN_64_TO_32_BIT_CONVERSION = YES;
				GCC_WARN_ABOUT_RETURN_TYPE = YES_ERROR;
				GCC_WARN_UNDECLARED_SELECTOR = YES;
				GCC_WARN_UNINITIALIZED_AUTOS = YES_AGGRESSIVE;
				GCC_WARN_UNUSED_FUNCTION = YES;
				GCC_WARN_UNUSED_VARIABLE = YES;
				IPHONEOS_DEPLOYMENT_TARGET = 15.0;
				MTL_ENABLE_DEBUG_INFO = NO;
				MTL_FAST_MATH = YES;
				SDKROOT = iphoneos;
				SWIFT_COMPILATION_MODE = wholemodule;
				SWIFT_OPTIMIZATION_LEVEL = "-O";
				VALIDATE_PRODUCT = YES;
			};
			name = Release;
		};
		683DBE93292E750A00C836E3 /* Debug */ = {
			isa = XCBuildConfiguration;
			baseConfigurationReference = CE3852EBAFC51194F60F5A3B /* Pods-Instagram.debug.xcconfig */;
			buildSettings = {
				ASSETCATALOG_COMPILER_APPICON_NAME = AppIcon;
				ASSETCATALOG_COMPILER_GLOBAL_ACCENT_COLOR_NAME = AccentColor;
				CODE_SIGN_STYLE = Automatic;
				CURRENT_PROJECT_VERSION = 1;
				DEVELOPMENT_TEAM = K4AAK574XJ;
				GENERATE_INFOPLIST_FILE = YES;
				INFOPLIST_FILE = Instagram/Info.plist;
				INFOPLIST_KEY_NSCameraUsageDescription = "本アプリは、画像の投稿及び編集のため、カメラの使用許可を求めます。";
				INFOPLIST_KEY_UIApplicationSupportsIndirectInputEvents = YES;
				INFOPLIST_KEY_UILaunchStoryboardName = LaunchScreen;
				INFOPLIST_KEY_UIMainStoryboardFile = Main;
				INFOPLIST_KEY_UISupportedInterfaceOrientations_iPad = "UIInterfaceOrientationPortrait UIInterfaceOrientationPortraitUpsideDown UIInterfaceOrientationLandscapeLeft UIInterfaceOrientationLandscapeRight";
				INFOPLIST_KEY_UISupportedInterfaceOrientations_iPhone = UIInterfaceOrientationPortrait;
				LD_RUNPATH_SEARCH_PATHS = (
					"$(inherited)",
					"@executable_path/Frameworks",
				);
				MARKETING_VERSION = 1.0;
				PRODUCT_BUNDLE_IDENTIFIER = jp.techacademy.taiga.ueda.Instagram;
				PRODUCT_NAME = "$(TARGET_NAME)";
				SWIFT_EMIT_LOC_STRINGS = YES;
				SWIFT_VERSION = 5.0;
				TARGETED_DEVICE_FAMILY = 1;
			};
			name = Debug;
		};
		683DBE94292E750A00C836E3 /* Release */ = {
			isa = XCBuildConfiguration;
			baseConfigurationReference = 0AE4E05D2E6F3FD8304666D7 /* Pods-Instagram.release.xcconfig */;
			buildSettings = {
				ASSETCATALOG_COMPILER_APPICON_NAME = AppIcon;
				ASSETCATALOG_COMPILER_GLOBAL_ACCENT_COLOR_NAME = AccentColor;
				CODE_SIGN_STYLE = Automatic;
				CURRENT_PROJECT_VERSION = 1;
				DEVELOPMENT_TEAM = K4AAK574XJ;
				GENERATE_INFOPLIST_FILE = YES;
				INFOPLIST_FILE = Instagram/Info.plist;
				INFOPLIST_KEY_NSCameraUsageDescription = "本アプリは、画像の投稿及び編集のため、カメラの使用許可を求めます。";
				INFOPLIST_KEY_UIApplicationSupportsIndirectInputEvents = YES;
				INFOPLIST_KEY_UILaunchStoryboardName = LaunchScreen;
				INFOPLIST_KEY_UIMainStoryboardFile = Main;
				INFOPLIST_KEY_UISupportedInterfaceOrientations_iPad = "UIInterfaceOrientationPortrait UIInterfaceOrientationPortraitUpsideDown UIInterfaceOrientationLandscapeLeft UIInterfaceOrientationLandscapeRight";
				INFOPLIST_KEY_UISupportedInterfaceOrientations_iPhone = UIInterfaceOrientationPortrait;
				LD_RUNPATH_SEARCH_PATHS = (
					"$(inherited)",
					"@executable_path/Frameworks",
				);
				MARKETING_VERSION = 1.0;
				PRODUCT_BUNDLE_IDENTIFIER = jp.techacademy.taiga.ueda.Instagram;
				PRODUCT_NAME = "$(TARGET_NAME)";
				SWIFT_EMIT_LOC_STRINGS = YES;
				SWIFT_VERSION = 5.0;
				TARGETED_DEVICE_FAMILY = 1;
			};
			name = Release;
		};
/* End XCBuildConfiguration section */

/* Begin XCConfigurationList section */
		683DBE79292E750700C836E3 /* Build configuration list for PBXProject "Instagram" */ = {
			isa = XCConfigurationList;
			buildConfigurations = (
				683DBE90292E750A00C836E3 /* Debug */,
				683DBE91292E750A00C836E3 /* Release */,
			);
			defaultConfigurationIsVisible = 0;
			defaultConfigurationName = Release;
		};
		683DBE92292E750A00C836E3 /* Build configuration list for PBXNativeTarget "Instagram" */ = {
			isa = XCConfigurationList;
			buildConfigurations = (
				683DBE93292E750A00C836E3 /* Debug */,
				683DBE94292E750A00C836E3 /* Release */,
			);
			defaultConfigurationIsVisible = 0;
			defaultConfigurationName = Release;
		};
/* End XCConfigurationList section */
	};
	rootObject = 683DBE76292E750700C836E3 /* Project object */;
}
